
Microsoft Visual Studio Solution File, Format Version 12.00
# Visual Studio 15
VisualStudioVersion = 15.0.26730.8
MinimumVisualStudioVersion = 10.0.40219.1
Project("{FAE04EC0-301F-11D3-BF4B-00C04F79EFBC}") = "ProofOfConcept.Android", "ProofOfConcept\ProofOfConcept.Android\ProofOfConcept.Android.csproj", "{FE2E5CA2-A77B-49CD-9BDD-EDFA4FDA3971}"
EndProject
Project("{FAE04EC0-301F-11D3-BF4B-00C04F79EFBC}") = "ProofOfConcept", "ProofOfConcept\ProofOfConcept\ProofOfConcept.csproj", "{57A00149-816B-4B75-9BEF-C6661BAECCE0}"
EndProject
Project("{FAE04EC0-301F-11D3-BF4B-00C04F79EFBC}") = "ProofOfConcept.UWP", "ProofOfConcept\ProofOfConcept.UWP\ProofOfConcept.UWP.csproj", "{B7220775-7F09-4FDB-AE1F-0D704770D9EE}"
EndProject
Project("{FAE04EC0-301F-11D3-BF4B-00C04F79EFBC}") = "ProofOfConcept.iOS", "ProofOfConcept\ProofOfConcept.iOS\ProofOfConcept.iOS.csproj", "{5417265E-2B41-4CB6-B546-DDC6C8187787}"
EndProject
Global
	GlobalSection(SolutionConfigurationPlatforms) = preSolution
		Ad-Hoc|Any CPU = Ad-Hoc|Any CPU
		Ad-Hoc|ARM = Ad-Hoc|ARM
		Ad-Hoc|iPhone = Ad-Hoc|iPhone
		Ad-Hoc|iPhoneSimulator = Ad-Hoc|iPhoneSimulator
		Ad-Hoc|x64 = Ad-Hoc|x64
		Ad-Hoc|x86 = Ad-Hoc|x86
		AppStore|Any CPU = AppStore|Any CPU
		AppStore|ARM = AppStore|ARM
		AppStore|iPhone = AppStore|iPhone
		AppStore|iPhoneSimulator = AppStore|iPhoneSimulator
		AppStore|x64 = AppStore|x64
		AppStore|x86 = AppStore|x86
		Debug|Any CPU = Debug|Any CPU
		Debug|ARM = Debug|ARM
		Debug|iPhone = Debug|iPhone
		Debug|iPhoneSimulator = Debug|iPhoneSimulator
		Debug|x64 = Debug|x64
		Debug|x86 = Debug|x86
		Release|Any CPU = Release|Any CPU
		Release|ARM = Release|ARM
		Release|iPhone = Release|iPhone
		Release|iPhoneSimulator = Release|iPhoneSimulator
		Release|x64 = Release|x64
		Release|x86 = Release|x86
	EndGlobalSection
	GlobalSection(ProjectConfigurationPlatforms) = postSolution
		{FE2E5CA2-A77B-49CD-9BDD-EDFA4FDA3971}.Ad-Hoc|Any CPU.ActiveCfg = Release|Any CPU
		{FE2E5CA2-A77B-49CD-9BDD-EDFA4FDA3971}.Ad-Hoc|Any CPU.Deploy.0 = Release|Any CPU
		{FE2E5CA2-A77B-49CD-9BDD-EDFA4FDA3971}.Ad-Hoc|ARM.ActiveCfg = Release|Any CPU
		{FE2E5CA2-A77B-49CD-9BDD-EDFA4FDA3971}.Ad-Hoc|ARM.Build.0 = Release|Any CPU
		{FE2E5CA2-A77B-49CD-9BDD-EDFA4FDA3971}.Ad-Hoc|ARM.Deploy.0 = Release|Any CPU
		{FE2E5CA2-A77B-49CD-9BDD-EDFA4FDA3971}.Ad-Hoc|iPhone.ActiveCfg = Release|Any CPU
		{FE2E5CA2-A77B-49CD-9BDD-EDFA4FDA3971}.Ad-Hoc|iPhone.Deploy.0 = Release|Any CPU
		{FE2E5CA2-A77B-49CD-9BDD-EDFA4FDA3971}.Ad-Hoc|iPhoneSimulator.ActiveCfg = Release|Any CPU
		{FE2E5CA2-A77B-49CD-9BDD-EDFA4FDA3971}.Ad-Hoc|iPhoneSimulator.Build.0 = Release|Any CPU
		{FE2E5CA2-A77B-49CD-9BDD-EDFA4FDA3971}.Ad-Hoc|iPhoneSimulator.Deploy.0 = Release|Any CPU
		{FE2E5CA2-A77B-49CD-9BDD-EDFA4FDA3971}.Ad-Hoc|x64.ActiveCfg = Release|Any CPU
		{FE2E5CA2-A77B-49CD-9BDD-EDFA4FDA3971}.Ad-Hoc|x64.Build.0 = Release|Any CPU
		{FE2E5CA2-A77B-49CD-9BDD-EDFA4FDA3971}.Ad-Hoc|x64.Deploy.0 = Release|Any CPU
		{FE2E5CA2-A77B-49CD-9BDD-EDFA4FDA3971}.Ad-Hoc|x86.ActiveCfg = Release|Any CPU
		{FE2E5CA2-A77B-49CD-9BDD-EDFA4FDA3971}.Ad-Hoc|x86.Build.0 = Release|Any CPU
		{FE2E5CA2-A77B-49CD-9BDD-EDFA4FDA3971}.Ad-Hoc|x86.Deploy.0 = Release|Any CPU
		{FE2E5CA2-A77B-49CD-9BDD-EDFA4FDA3971}.AppStore|Any CPU.ActiveCfg = Release|Any CPU
		{FE2E5CA2-A77B-49CD-9BDD-EDFA4FDA3971}.AppStore|Any CPU.Build.0 = Release|Any CPU
		{FE2E5CA2-A77B-49CD-9BDD-EDFA4FDA3971}.AppStore|Any CPU.Deploy.0 = Release|Any CPU
		{FE2E5CA2-A77B-49CD-9BDD-EDFA4FDA3971}.AppStore|ARM.ActiveCfg = Release|Any CPU
		{FE2E5CA2-A77B-49CD-9BDD-EDFA4FDA3971}.AppStore|ARM.Build.0 = Release|Any CPU
		{FE2E5CA2-A77B-49CD-9BDD-EDFA4FDA3971}.AppStore|ARM.Deploy.0 = Release|Any CPU
		{FE2E5CA2-A77B-49CD-9BDD-EDFA4FDA3971}.AppStore|iPhone.ActiveCfg = Release|Any CPU
		{FE2E5CA2-A77B-49CD-9BDD-EDFA4FDA3971}.AppStore|iPhone.Build.0 = Release|Any CPU
		{FE2E5CA2-A77B-49CD-9BDD-EDFA4FDA3971}.AppStore|iPhone.Deploy.0 = Release|Any CPU
		{FE2E5CA2-A77B-49CD-9BDD-EDFA4FDA3971}.AppStore|iPhoneSimulator.ActiveCfg = Release|Any CPU
		{FE2E5CA2-A77B-49CD-9BDD-EDFA4FDA3971}.AppStore|iPhoneSimulator.Build.0 = Release|Any CPU
		{FE2E5CA2-A77B-49CD-9BDD-EDFA4FDA3971}.AppStore|iPhoneSimulator.Deploy.0 = Release|Any CPU
		{FE2E5CA2-A77B-49CD-9BDD-EDFA4FDA3971}.AppStore|x64.ActiveCfg = Release|Any CPU
		{FE2E5CA2-A77B-49CD-9BDD-EDFA4FDA3971}.AppStore|x64.Build.0 = Release|Any CPU
		{FE2E5CA2-A77B-49CD-9BDD-EDFA4FDA3971}.AppStore|x64.Deploy.0 = Release|Any CPU
		{FE2E5CA2-A77B-49CD-9BDD-EDFA4FDA3971}.AppStore|x86.ActiveCfg = Release|Any CPU
		{FE2E5CA2-A77B-49CD-9BDD-EDFA4FDA3971}.AppStore|x86.Build.0 = Release|Any CPU
		{FE2E5CA2-A77B-49CD-9BDD-EDFA4FDA3971}.AppStore|x86.Deploy.0 = Release|Any CPU
		{FE2E5CA2-A77B-49CD-9BDD-EDFA4FDA3971}.Debug|Any CPU.ActiveCfg = Debug|Any CPU
		{FE2E5CA2-A77B-49CD-9BDD-EDFA4FDA3971}.Debug|Any CPU.Build.0 = Debug|Any CPU
		{FE2E5CA2-A77B-49CD-9BDD-EDFA4FDA3971}.Debug|Any CPU.Deploy.0 = Debug|Any CPU
		{FE2E5CA2-A77B-49CD-9BDD-EDFA4FDA3971}.Debug|ARM.ActiveCfg = Debug|Any CPU
		{FE2E5CA2-A77B-49CD-9BDD-EDFA4FDA3971}.Debug|ARM.Build.0 = Debug|Any CPU
		{FE2E5CA2-A77B-49CD-9BDD-EDFA4FDA3971}.Debug|ARM.Deploy.0 = Debug|Any CPU
		{FE2E5CA2-A77B-49CD-9BDD-EDFA4FDA3971}.Debug|iPhone.ActiveCfg = Debug|Any CPU
		{FE2E5CA2-A77B-49CD-9BDD-EDFA4FDA3971}.Debug|iPhone.Build.0 = Debug|Any CPU
		{FE2E5CA2-A77B-49CD-9BDD-EDFA4FDA3971}.Debug|iPhone.Deploy.0 = Debug|Any CPU
		{FE2E5CA2-A77B-49CD-9BDD-EDFA4FDA3971}.Debug|iPhoneSimulator.ActiveCfg = Debug|Any CPU
		{FE2E5CA2-A77B-49CD-9BDD-EDFA4FDA3971}.Debug|iPhoneSimulator.Build.0 = Debug|Any CPU
		{FE2E5CA2-A77B-49CD-9BDD-EDFA4FDA3971}.Debug|iPhoneSimulator.Deploy.0 = Debug|Any CPU
		{FE2E5CA2-A77B-49CD-9BDD-EDFA4FDA3971}.Debug|x64.ActiveCfg = Debug|Any CPU
		{FE2E5CA2-A77B-49CD-9BDD-EDFA4FDA3971}.Debug|x64.Build.0 = Debug|Any CPU
		{FE2E5CA2-A77B-49CD-9BDD-EDFA4FDA3971}.Debug|x64.Deploy.0 = Debug|Any CPU
		{FE2E5CA2-A77B-49CD-9BDD-EDFA4FDA3971}.Debug|x86.ActiveCfg = Debug|Any CPU
		{FE2E5CA2-A77B-49CD-9BDD-EDFA4FDA3971}.Debug|x86.Build.0 = Debug|Any CPU
		{FE2E5CA2-A77B-49CD-9BDD-EDFA4FDA3971}.Debug|x86.Deploy.0 = Debug|Any CPU
		{FE2E5CA2-A77B-49CD-9BDD-EDFA4FDA3971}.Release|Any CPU.ActiveCfg = Release|Any CPU
		{FE2E5CA2-A77B-49CD-9BDD-EDFA4FDA3971}.Release|Any CPU.Deploy.0 = Release|Any CPU
		{FE2E5CA2-A77B-49CD-9BDD-EDFA4FDA3971}.Release|ARM.ActiveCfg = Release|Any CPU
		{FE2E5CA2-A77B-49CD-9BDD-EDFA4FDA3971}.Release|ARM.Build.0 = Release|Any CPU
		{FE2E5CA2-A77B-49CD-9BDD-EDFA4FDA3971}.Release|ARM.Deploy.0 = Release|Any CPU
		{FE2E5CA2-A77B-49CD-9BDD-EDFA4FDA3971}.Release|iPhone.ActiveCfg = Release|Any CPU
		{FE2E5CA2-A77B-49CD-9BDD-EDFA4FDA3971}.Release|iPhone.Deploy.0 = Release|Any CPU
		{FE2E5CA2-A77B-49CD-9BDD-EDFA4FDA3971}.Release|iPhoneSimulator.ActiveCfg = Release|Any CPU
		{FE2E5CA2-A77B-49CD-9BDD-EDFA4FDA3971}.Release|iPhoneSimulator.Build.0 = Release|Any CPU
		{FE2E5CA2-A77B-49CD-9BDD-EDFA4FDA3971}.Release|iPhoneSimulator.Deploy.0 = Release|Any CPU
		{FE2E5CA2-A77B-49CD-9BDD-EDFA4FDA3971}.Release|x64.ActiveCfg = Release|Any CPU
		{FE2E5CA2-A77B-49CD-9BDD-EDFA4FDA3971}.Release|x64.Build.0 = Release|Any CPU
		{FE2E5CA2-A77B-49CD-9BDD-EDFA4FDA3971}.Release|x64.Deploy.0 = Release|Any CPU
		{FE2E5CA2-A77B-49CD-9BDD-EDFA4FDA3971}.Release|x86.ActiveCfg = Release|Any CPU
		{FE2E5CA2-A77B-49CD-9BDD-EDFA4FDA3971}.Release|x86.Build.0 = Release|Any CPU
		{FE2E5CA2-A77B-49CD-9BDD-EDFA4FDA3971}.Release|x86.Deploy.0 = Release|Any CPU
		{57A00149-816B-4B75-9BEF-C6661BAECCE0}.Ad-Hoc|Any CPU.ActiveCfg = Debug|Any CPU
		{57A00149-816B-4B75-9BEF-C6661BAECCE0}.Ad-Hoc|ARM.ActiveCfg = Release|Any CPU
		{57A00149-816B-4B75-9BEF-C6661BAECCE0}.Ad-Hoc|ARM.Build.0 = Release|Any CPU
		{57A00149-816B-4B75-9BEF-C6661BAECCE0}.Ad-Hoc|iPhone.ActiveCfg = Release|Any CPU
		{57A00149-816B-4B75-9BEF-C6661BAECCE0}.Ad-Hoc|iPhone.Build.0 = Release|Any CPU
		{57A00149-816B-4B75-9BEF-C6661BAECCE0}.Ad-Hoc|iPhoneSimulator.ActiveCfg = Release|Any CPU
		{57A00149-816B-4B75-9BEF-C6661BAECCE0}.Ad-Hoc|iPhoneSimulator.Build.0 = Release|Any CPU
		{57A00149-816B-4B75-9BEF-C6661BAECCE0}.Ad-Hoc|x64.ActiveCfg = Release|Any CPU
		{57A00149-816B-4B75-9BEF-C6661BAECCE0}.Ad-Hoc|x64.Build.0 = Release|Any CPU
		{57A00149-816B-4B75-9BEF-C6661BAECCE0}.Ad-Hoc|x86.ActiveCfg = Release|Any CPU
		{57A00149-816B-4B75-9BEF-C6661BAECCE0}.Ad-Hoc|x86.Build.0 = Release|Any CPU
		{57A00149-816B-4B75-9BEF-C6661BAECCE0}.AppStore|Any CPU.ActiveCfg = Release|Any CPU
		{57A00149-816B-4B75-9BEF-C6661BAECCE0}.AppStore|Any CPU.Build.0 = Release|Any CPU
		{57A00149-816B-4B75-9BEF-C6661BAECCE0}.AppStore|ARM.ActiveCfg = Release|Any CPU
		{57A00149-816B-4B75-9BEF-C6661BAECCE0}.AppStore|ARM.Build.0 = Release|Any CPU
		{57A00149-816B-4B75-9BEF-C6661BAECCE0}.AppStore|iPhone.ActiveCfg = Release|Any CPU
		{57A00149-816B-4B75-9BEF-C6661BAECCE0}.AppStore|iPhone.Build.0 = Release|Any CPU
		{57A00149-816B-4B75-9BEF-C6661BAECCE0}.AppStore|iPhoneSimulator.ActiveCfg = Release|Any CPU
		{57A00149-816B-4B75-9BEF-C6661BAECCE0}.AppStore|iPhoneSimulator.Build.0 = Release|Any CPU
		{57A00149-816B-4B75-9BEF-C6661BAECCE0}.AppStore|x64.ActiveCfg = Release|Any CPU
		{57A00149-816B-4B75-9BEF-C6661BAECCE0}.AppStore|x64.Build.0 = Release|Any CPU
		{57A00149-816B-4B75-9BEF-C6661BAECCE0}.AppStore|x86.ActiveCfg = Release|Any CPU
		{57A00149-816B-4B75-9BEF-C6661BAECCE0}.AppStore|x86.Build.0 = Release|Any CPU
		{57A00149-816B-4B75-9BEF-C6661BAECCE0}.Debug|Any CPU.ActiveCfg = Debug|Any CPU
		{57A00149-816B-4B75-9BEF-C6661BAECCE0}.Debug|Any CPU.Build.0 = Debug|Any CPU
		{57A00149-816B-4B75-9BEF-C6661BAECCE0}.Debug|ARM.ActiveCfg = Debug|Any CPU
		{57A00149-816B-4B75-9BEF-C6661BAECCE0}.Debug|ARM.Build.0 = Debug|Any CPU
		{57A00149-816B-4B75-9BEF-C6661BAECCE0}.Debug|iPhone.ActiveCfg = Debug|Any CPU
		{57A00149-816B-4B75-9BEF-C6661BAECCE0}.Debug|iPhone.Build.0 = Debug|Any CPU
		{57A00149-816B-4B75-9BEF-C6661BAECCE0}.Debug|iPhoneSimulator.ActiveCfg = Debug|Any CPU
		{57A00149-816B-4B75-9BEF-C6661BAECCE0}.Debug|iPhoneSimulator.Build.0 = Debug|Any CPU
		{57A00149-816B-4B75-9BEF-C6661BAECCE0}.Debug|x64.ActiveCfg = Debug|Any CPU
		{57A00149-816B-4B75-9BEF-C6661BAECCE0}.Debug|x64.Build.0 = Debug|Any CPU
		{57A00149-816B-4B75-9BEF-C6661BAECCE0}.Debug|x86.ActiveCfg = Debug|Any CPU
		{57A00149-816B-4B75-9BEF-C6661BAECCE0}.Debug|x86.Build.0 = Debug|Any CPU
		{57A00149-816B-4B75-9BEF-C6661BAECCE0}.Release|Any CPU.ActiveCfg = Release|Any CPU
		{57A00149-816B-4B75-9BEF-C6661BAECCE0}.Release|Any CPU.Build.0 = Release|Any CPU
		{57A00149-816B-4B75-9BEF-C6661BAECCE0}.Release|ARM.ActiveCfg = Release|Any CPU
		{57A00149-816B-4B75-9BEF-C6661BAECCE0}.Release|ARM.Build.0 = Release|Any CPU
		{57A00149-816B-4B75-9BEF-C6661BAECCE0}.Release|iPhone.ActiveCfg = Release|Any CPU
		{57A00149-816B-4B75-9BEF-C6661BAECCE0}.Release|iPhone.Build.0 = Release|Any CPU
		{57A00149-816B-4B75-9BEF-C6661BAECCE0}.Release|iPhoneSimulator.ActiveCfg = Release|Any CPU
		{57A00149-816B-4B75-9BEF-C6661BAECCE0}.Release|iPhoneSimulator.Build.0 = Release|Any CPU
		{57A00149-816B-4B75-9BEF-C6661BAECCE0}.Release|x64.ActiveCfg = Release|Any CPU
		{57A00149-816B-4B75-9BEF-C6661BAECCE0}.Release|x64.Build.0 = Release|Any CPU
		{57A00149-816B-4B75-9BEF-C6661BAECCE0}.Release|x86.ActiveCfg = Release|Any CPU
		{57A00149-816B-4B75-9BEF-C6661BAECCE0}.Release|x86.Build.0 = Release|Any CPU
		{57A00149-816B-4B75-9BEF-C6661BAECCE0}.Ad-Hoc|Any CPU.Build.0 = Debug|Any CPU
		{B7220775-7F09-4FDB-AE1F-0D704770D9EE}.Ad-Hoc|Any CPU.ActiveCfg = Release|x86
		{B7220775-7F09-4FDB-AE1F-0D704770D9EE}.Ad-Hoc|Any CPU.Build.0 = Release|x86
		{B7220775-7F09-4FDB-AE1F-0D704770D9EE}.Ad-Hoc|Any CPU.Deploy.0 = Release|x86
		{B7220775-7F09-4FDB-AE1F-0D704770D9EE}.Ad-Hoc|ARM.ActiveCfg = Release|ARM
		{B7220775-7F09-4FDB-AE1F-0D704770D9EE}.Ad-Hoc|ARM.Build.0 = Release|ARM
		{B7220775-7F09-4FDB-AE1F-0D704770D9EE}.Ad-Hoc|ARM.Deploy.0 = Release|ARM
		{B7220775-7F09-4FDB-AE1F-0D704770D9EE}.Ad-Hoc|iPhone.ActiveCfg = Release|x86
		{B7220775-7F09-4FDB-AE1F-0D704770D9EE}.Ad-Hoc|iPhone.Build.0 = Release|x86
		{B7220775-7F09-4FDB-AE1F-0D704770D9EE}.Ad-Hoc|iPhone.Deploy.0 = Release|x86
		{B7220775-7F09-4FDB-AE1F-0D704770D9EE}.Ad-Hoc|iPhoneSimulator.ActiveCfg = Release|x86
		{B7220775-7F09-4FDB-AE1F-0D704770D9EE}.Ad-Hoc|iPhoneSimulator.Build.0 = Release|x86
		{B7220775-7F09-4FDB-AE1F-0D704770D9EE}.Ad-Hoc|iPhoneSimulator.Deploy.0 = Release|x86
		{B7220775-7F09-4FDB-AE1F-0D704770D9EE}.Ad-Hoc|x64.ActiveCfg = Release|x64
		{B7220775-7F09-4FDB-AE1F-0D704770D9EE}.Ad-Hoc|x64.Build.0 = Release|x64
		{B7220775-7F09-4FDB-AE1F-0D704770D9EE}.Ad-Hoc|x64.Deploy.0 = Release|x64
		{B7220775-7F09-4FDB-AE1F-0D704770D9EE}.Ad-Hoc|x86.ActiveCfg = Release|x86
		{B7220775-7F09-4FDB-AE1F-0D704770D9EE}.Ad-Hoc|x86.Build.0 = Release|x86
		{B7220775-7F09-4FDB-AE1F-0D704770D9EE}.Ad-Hoc|x86.Deploy.0 = Release|x86
		{B7220775-7F09-4FDB-AE1F-0D704770D9EE}.AppStore|Any CPU.ActiveCfg = Release|x86
		{B7220775-7F09-4FDB-AE1F-0D704770D9EE}.AppStore|Any CPU.Build.0 = Release|x86
		{B7220775-7F09-4FDB-AE1F-0D704770D9EE}.AppStore|Any CPU.Deploy.0 = Release|x86
		{B7220775-7F09-4FDB-AE1F-0D704770D9EE}.AppStore|ARM.ActiveCfg = Release|ARM
		{B7220775-7F09-4FDB-AE1F-0D704770D9EE}.AppStore|ARM.Build.0 = Release|ARM
		{B7220775-7F09-4FDB-AE1F-0D704770D9EE}.AppStore|ARM.Deploy.0 = Release|ARM
		{B7220775-7F09-4FDB-AE1F-0D704770D9EE}.AppStore|iPhone.ActiveCfg = Release|x86
		{B7220775-7F09-4FDB-AE1F-0D704770D9EE}.AppStore|iPhone.Build.0 = Release|x86
		{B7220775-7F09-4FDB-AE1F-0D704770D9EE}.AppStore|iPhone.Deploy.0 = Release|x86
		{B7220775-7F09-4FDB-AE1F-0D704770D9EE}.AppStore|iPhoneSimulator.ActiveCfg = Release|x86
		{B7220775-7F09-4FDB-AE1F-0D704770D9EE}.AppStore|iPhoneSimulator.Build.0 = Release|x86
		{B7220775-7F09-4FDB-AE1F-0D704770D9EE}.AppStore|iPhoneSimulator.Deploy.0 = Release|x86
		{B7220775-7F09-4FDB-AE1F-0D704770D9EE}.AppStore|x64.ActiveCfg = Release|x64
		{B7220775-7F09-4FDB-AE1F-0D704770D9EE}.AppStore|x64.Build.0 = Release|x64
		{B7220775-7F09-4FDB-AE1F-0D704770D9EE}.AppStore|x64.Deploy.0 = Release|x64
		{B7220775-7F09-4FDB-AE1F-0D704770D9EE}.AppStore|x86.ActiveCfg = Release|x86
		{B7220775-7F09-4FDB-AE1F-0D704770D9EE}.AppStore|x86.Build.0 = Release|x86
		{B7220775-7F09-4FDB-AE1F-0D704770D9EE}.AppStore|x86.Deploy.0 = Release|x86
		{B7220775-7F09-4FDB-AE1F-0D704770D9EE}.Debug|Any CPU.ActiveCfg = Debug|x86
		{B7220775-7F09-4FDB-AE1F-0D704770D9EE}.Debug|ARM.ActiveCfg = Debug|ARM
		{B7220775-7F09-4FDB-AE1F-0D704770D9EE}.Debug|ARM.Build.0 = Debug|ARM
		{B7220775-7F09-4FDB-AE1F-0D704770D9EE}.Debug|ARM.Deploy.0 = Debug|ARM
		{B7220775-7F09-4FDB-AE1F-0D704770D9EE}.Debug|iPhone.ActiveCfg = Debug|x86
		{B7220775-7F09-4FDB-AE1F-0D704770D9EE}.Debug|iPhoneSimulator.ActiveCfg = Debug|x86
		{B7220775-7F09-4FDB-AE1F-0D704770D9EE}.Debug|x64.ActiveCfg = Debug|x64
		{B7220775-7F09-4FDB-AE1F-0D704770D9EE}.Debug|x64.Build.0 = Debug|x64
		{B7220775-7F09-4FDB-AE1F-0D704770D9EE}.Debug|x64.Deploy.0 = Debug|x64
		{B7220775-7F09-4FDB-AE1F-0D704770D9EE}.Debug|x86.ActiveCfg = Debug|x86
		{B7220775-7F09-4FDB-AE1F-0D704770D9EE}.Debug|x86.Build.0 = Debug|x86
		{B7220775-7F09-4FDB-AE1F-0D704770D9EE}.Debug|x86.Deploy.0 = Debug|x86
		{B7220775-7F09-4FDB-AE1F-0D704770D9EE}.Release|Any CPU.ActiveCfg = Release|x86
		{B7220775-7F09-4FDB-AE1F-0D704770D9EE}.Release|ARM.ActiveCfg = Release|ARM
		{B7220775-7F09-4FDB-AE1F-0D704770D9EE}.Release|ARM.Build.0 = Release|ARM
		{B7220775-7F09-4FDB-AE1F-0D704770D9EE}.Release|ARM.Deploy.0 = Release|ARM
		{B7220775-7F09-4FDB-AE1F-0D704770D9EE}.Release|iPhone.ActiveCfg = Release|x86
		{B7220775-7F09-4FDB-AE1F-0D704770D9EE}.Release|iPhoneSimulator.ActiveCfg = Release|x86
		{B7220775-7F09-4FDB-AE1F-0D704770D9EE}.Release|x64.ActiveCfg = Release|x64
		{B7220775-7F09-4FDB-AE1F-0D704770D9EE}.Release|x64.Build.0 = Release|x64
		{B7220775-7F09-4FDB-AE1F-0D704770D9EE}.Release|x64.Deploy.0 = Release|x64
		{B7220775-7F09-4FDB-AE1F-0D704770D9EE}.Release|x86.ActiveCfg = Release|x86
		{B7220775-7F09-4FDB-AE1F-0D704770D9EE}.Release|x86.Build.0 = Release|x86
		{B7220775-7F09-4FDB-AE1F-0D704770D9EE}.Release|x86.Deploy.0 = Release|x86
		{5417265E-2B41-4CB6-B546-DDC6C8187787}.Ad-Hoc|Any CPU.ActiveCfg = Debug|iPhone
		{5417265E-2B41-4CB6-B546-DDC6C8187787}.Ad-Hoc|ARM.ActiveCfg = Ad-Hoc|iPhone
		{5417265E-2B41-4CB6-B546-DDC6C8187787}.Ad-Hoc|iPhone.ActiveCfg = Debug|iPhone
		{5417265E-2B41-4CB6-B546-DDC6C8187787}.Ad-Hoc|iPhone.Build.0 = Debug|iPhone
		{5417265E-2B41-4CB6-B546-DDC6C8187787}.Ad-Hoc|iPhoneSimulator.ActiveCfg = Ad-Hoc|iPhoneSimulator
		{5417265E-2B41-4CB6-B546-DDC6C8187787}.Ad-Hoc|iPhoneSimulator.Build.0 = Ad-Hoc|iPhoneSimulator
		{5417265E-2B41-4CB6-B546-DDC6C8187787}.Ad-Hoc|x64.ActiveCfg = Ad-Hoc|iPhone
		{5417265E-2B41-4CB6-B546-DDC6C8187787}.Ad-Hoc|x86.ActiveCfg = Ad-Hoc|iPhone
		{5417265E-2B41-4CB6-B546-DDC6C8187787}.AppStore|Any CPU.ActiveCfg = AppStore|iPhone
		{5417265E-2B41-4CB6-B546-DDC6C8187787}.AppStore|ARM.ActiveCfg = AppStore|iPhone
		{5417265E-2B41-4CB6-B546-DDC6C8187787}.AppStore|iPhone.ActiveCfg = AppStore|iPhone
		{5417265E-2B41-4CB6-B546-DDC6C8187787}.AppStore|iPhone.Build.0 = AppStore|iPhone
		{5417265E-2B41-4CB6-B546-DDC6C8187787}.AppStore|iPhoneSimulator.ActiveCfg = AppStore|iPhoneSimulator
		{5417265E-2B41-4CB6-B546-DDC6C8187787}.AppStore|iPhoneSimulator.Build.0 = AppStore|iPhoneSimulator
		{5417265E-2B41-4CB6-B546-DDC6C8187787}.AppStore|x64.ActiveCfg = AppStore|iPhone
		{5417265E-2B41-4CB6-B546-DDC6C8187787}.AppStore|x86.ActiveCfg = AppStore|iPhone
		{5417265E-2B41-4CB6-B546-DDC6C8187787}.Debug|Any CPU.ActiveCfg = Debug|iPhone
		{5417265E-2B41-4CB6-B546-DDC6C8187787}.Debug|ARM.ActiveCfg = Debug|iPhone
		{5417265E-2B41-4CB6-B546-DDC6C8187787}.Debug|iPhone.ActiveCfg = Debug|iPhone
		{5417265E-2B41-4CB6-B546-DDC6C8187787}.Debug|iPhone.Build.0 = Debug|iPhone
		{5417265E-2B41-4CB6-B546-DDC6C8187787}.Debug|iPhoneSimulator.ActiveCfg = Debug|iPhoneSimulator
		{5417265E-2B41-4CB6-B546-DDC6C8187787}.Debug|iPhoneSimulator.Build.0 = Debug|iPhoneSimulator
		{5417265E-2B41-4CB6-B546-DDC6C8187787}.Debug|x64.ActiveCfg = Debug|iPhone
		{5417265E-2B41-4CB6-B546-DDC6C8187787}.Debug|x86.ActiveCfg = Debug|iPhone
		{5417265E-2B41-4CB6-B546-DDC6C8187787}.Release|Any CPU.ActiveCfg = Release|iPhone
		{5417265E-2B41-4CB6-B546-DDC6C8187787}.Release|ARM.ActiveCfg = Release|iPhone
		{5417265E-2B41-4CB6-B546-DDC6C8187787}.Release|iPhone.ActiveCfg = Release|iPhone
		{5417265E-2B41-4CB6-B546-DDC6C8187787}.Release|iPhone.Build.0 = Release|iPhone
		{5417265E-2B41-4CB6-B546-DDC6C8187787}.Release|iPhoneSimulator.ActiveCfg = Release|iPhoneSimulator
		{5417265E-2B41-4CB6-B546-DDC6C8187787}.Release|iPhoneSimulator.Build.0 = Release|iPhoneSimulator
		{5417265E-2B41-4CB6-B546-DDC6C8187787}.Release|x64.ActiveCfg = Release|iPhone
		{5417265E-2B41-4CB6-B546-DDC6C8187787}.Release|x86.ActiveCfg = Release|iPhone
		{5417265E-2B41-4CB6-B546-DDC6C8187787}.Ad-Hoc|Any CPU.Build.0 = Debug|iPhone
		{5417265E-2B41-4CB6-B546-DDC6C8187787}.Release|Any CPU.Build.0 = Release|iPhone
	EndGlobalSection
	GlobalSection(SolutionProperties) = preSolution
		HideSolutionNode = FALSE
	EndGlobalSection
	GlobalSection(ExtensibilityGlobals) = postSolution
		SolutionGuid = {2F45A45A-9543-45C6-B020-DCFB88FB2A3B}
	EndGlobalSection
	GlobalSection(MonoDevelopProperties) = preSolution
		Policies = $0
		$0.VersionControlPolicy = $1
	EndGlobalSection
EndGlobal
